
Microsoft Visual Studio Solution File, Format Version 12.00
# Visual Studio Version 16
VisualStudioVersion = 16.0.30611.23
MinimumVisualStudioVersion = 10.0.40219.1
Project("{FAE04EC0-301F-11D3-BF4B-00C04F79EFBC}") = "DataSort", "DataSort\DataSort.csproj", "{C5EDFC06-89C7-4222-BF8E-C30678F975D8}"
EndProject
Global
	GlobalSection(SolutionConfigurationPlatforms) = preSolution
		Debug|Any CPU = Debug|Any CPU
		Release|Any CPU = Release|Any CPU
	EndGlobalSection
	GlobalSection(ProjectConfigurationPlatforms) = postSolution
		{C5EDFC06-89C7-4222-BF8E-C30678F975D8}.Debug|Any CPU.ActiveCfg = Debug|Any CPU
		{C5EDFC06-89C7-4222-BF8E-C30678F975D8}.Debug|Any CPU.Build.0 = Debug|Any CPU
		{C5EDFC06-89C7-4222-BF8E-C30678F975D8}.Release|Any CPU.ActiveCfg = Release|Any CPU
		{C5EDFC06-89C7-4222-BF8E-C30678F975D8}.Release|Any CPU.Build.0 = Release|Any CPU
	EndGlobalSection
	GlobalSection(SolutionProperties) = preSolution
		HideSolutionNode = FALSE
	EndGlobalSection
	GlobalSection(ExtensibilityGlobals) = postSolution
		SolutionGuid = {E6FBA5FF-881D-4568-BE72-C1E5B862BBEA}
	EndGlobalSection
EndGlobal
